{
  "name": "portfolio-v2",
  "lockfileVersion": 3,
  "requires": true,
  "packages": {
    "": {
      "dependencies": {
        "nextjs-toast-notify": "^1.62.0"
      }
    },
    "node_modules/nextjs-toast-notify": {
      "version": "1.62.0",
      "resolved": "https://registry.npmjs.org/nextjs-toast-notify/-/nextjs-toast-notify-1.62.0.tgz",
      "integrity": "sha512-2hn+DVYVxuNWKFXYwmvkEurxrX+8LdNSLy14sEXi4ylIvh0cVdMuJT5OyRaMej+xJnNpoEZfMp8S18V+qs+puQ==",
      "license": "MIT"
    }
  }
}
